
Microsoft Visual Studio Solution File, Format Version 12.00
# Visual Studio Version 17
VisualStudioVersion = 17.14.36518.9 d17.14
MinimumVisualStudioVersion = 10.0.40219.1
Project("{FAE04EC0-301F-11D3-BF4B-00C04F79EFBC}") = "WAV", "WAV\WAV.csproj", "{BF879232-34A6-4BE1-9A40-F10ED18BA162}"
EndProject
Global
	GlobalSection(SolutionConfigurationPlatforms) = preSolution
		Debug|Any CPU = Debug|Any CPU
		Release|Any CPU = Release|Any CPU
	EndGlobalSection
	GlobalSection(ProjectConfigurationPlatforms) = postSolution
		{BF879232-34A6-4BE1-9A40-F10ED18BA162}.Debug|Any CPU.ActiveCfg = Debug|Any CPU
		{BF879232-34A6-4BE1-9A40-F10ED18BA162}.Debug|Any CPU.Build.0 = Debug|Any CPU
		{BF879232-34A6-4BE1-9A40-F10ED18BA162}.Release|Any CPU.ActiveCfg = Release|Any CPU
		{BF879232-34A6-4BE1-9A40-F10ED18BA162}.Release|Any CPU.Build.0 = Release|Any CPU
	EndGlobalSection
	GlobalSection(SolutionProperties) = preSolution
		HideSolutionNode = FALSE
	EndGlobalSection
	GlobalSection(ExtensibilityGlobals) = postSolution
		SolutionGuid = {81775033-D9BE-42C4-9A61-276B7C9FA2D3}
	EndGlobalSection
EndGlobal
